
Microsoft Visual Studio Solution File, Format Version 11.00
# Visual Studio 2010
Project("{8BC9CEB8-8B4A-11D0-8D11-00A0C91BC942}") = "FuckMPlayer", "FuckMPlayer.vcxproj", "{D032A7B3-2065-48C8-9A89-D6A8AD81B51D}"
	ProjectSection(ProjectDependencies) = postProject
		{D9DD5501-212B-6A48-DC4C-09AA85A152A0} = {D9DD5501-212B-6A48-DC4C-09AA85A152A0}
		{52474902-0DB2-7213-07CD-A68F22AF098F} = {52474902-0DB2-7213-07CD-A68F22AF098F}
		{59E02A16-4D4E-9970-5BAE-0FA4773442F0} = {59E02A16-4D4E-9970-5BAE-0FA4773442F0}
		{D9998C20-151E-A676-10D8-0EB4971C8ADE} = {D9998C20-151E-A676-10D8-0EB4971C8ADE}
		{9D834428-C038-7C4F-9C27-8F7D7855EA4F} = {9D834428-C038-7C4F-9C27-8F7D7855EA4F}
		{DD7F8F29-6331-0D46-8501-A3BA1A9D3B52} = {DD7F8F29-6331-0D46-8501-A3BA1A9D3B52}
		{AC0E4B31-A7D1-149A-B1EC-D28261A27125} = {AC0E4B31-A7D1-149A-B1EC-D28261A27125}
		{F38A6731-2693-2A4A-B0EE-CD487AAE60E8} = {F38A6731-2693-2A4A-B0EE-CD487AAE60E8}
		{9AA24233-99F0-A0BB-FF07-E2355120B529} = {9AA24233-99F0-A0BB-FF07-E2355120B529}
		{37143237-AD05-A644-AFE4-BDD5BDA2C05A} = {37143237-AD05-A644-AFE4-BDD5BDA2C05A}
		{25CB7C37-2EEF-4357-E5C6-6CE8BE819B01} = {25CB7C37-2EEF-4357-E5C6-6CE8BE819B01}
		{DFDDF339-5797-5C03-CBDE-02B3BC291044} = {DFDDF339-5797-5C03-CBDE-02B3BC291044}
		{98B6333F-C292-9142-B700-209CA30DB262} = {98B6333F-C292-9142-B700-209CA30DB262}
		{60056945-C391-A04C-86A0-8A704CE2548B} = {60056945-C391-A04C-86A0-8A704CE2548B}
		{CD366951-778B-5EF4-D731-B05C7401C207} = {CD366951-778B-5EF4-D731-B05C7401C207}
		{B81D1552-8807-927D-D266-6F582023CA09} = {B81D1552-8807-927D-D266-6F582023CA09}
		{B348A657-35CF-CA8E-0851-8649FB7364EE} = {B348A657-35CF-CA8E-0851-8649FB7364EE}
		{D6BA1C5E-8BA0-C244-B079-3ACB69F1708A} = {D6BA1C5E-8BA0-C244-B079-3ACB69F1708A}
		{41FFA867-AE6D-03DE-8060-D850B9D58789} = {41FFA867-AE6D-03DE-8060-D850B9D58789}
		{F8100A6F-5B48-F968-1956-B22EBC65E745} = {F8100A6F-5B48-F968-1956-B22EBC65E745}
		{D1B8287E-227C-4879-AC82-AEE9A6FEEE6C} = {D1B8287E-227C-4879-AC82-AEE9A6FEEE6C}
		{CC13587F-441C-F749-2DCE-A3E79C1D3A6D} = {CC13587F-441C-F749-2DCE-A3E79C1D3A6D}
		{C78CB88C-602D-B242-9EA9-67BCD8B1FBC2} = {C78CB88C-602D-B242-9EA9-67BCD8B1FBC2}
		{8D68F096-E6EA-B475-C6B1-A767897F9B2F} = {8D68F096-E6EA-B475-C6B1-A767897F9B2F}
		{A7009E99-30E9-9404-55DD-85BE0353F330} = {A7009E99-30E9-9404-55DD-85BE0353F330}
		{26D9B4A6-DEC8-D648-B905-9F91018252E4} = {26D9B4A6-DEC8-D648-B905-9F91018252E4}
		{F1B693AB-2A26-A834-EFBA-52B905FA09F4} = {F1B693AB-2A26-A834-EFBA-52B905FA09F4}
		{DDE48BB5-A8D1-1D96-7BCF-1CEF8CCE943D} = {DDE48BB5-A8D1-1D96-7BCF-1CEF8CCE943D}
		{6B3BE5BA-778C-4560-A831-57D8DA16791A} = {6B3BE5BA-778C-4560-A831-57D8DA16791A}
		{09591CBB-126A-014E-93FF-A92C9425E31B} = {09591CBB-126A-014E-93FF-A92C9425E31B}
		{016539C5-D654-7B47-9549-8110A3ECBAC7} = {016539C5-D654-7B47-9549-8110A3ECBAC7}
		{B72252D2-FD28-AFB7-6229-140423774800} = {B72252D2-FD28-AFB7-6229-140423774800}
		{26C74FDA-E5E4-0A4C-8E4A-E6A7245528A3} = {26C74FDA-E5E4-0A4C-8E4A-E6A7245528A3}
		{A9B498E9-8CF6-F3E3-8A69-54AA91B7B1C3} = {A9B498E9-8CF6-F3E3-8A69-54AA91B7B1C3}
		{1E2CF3EB-0B88-D945-B4F8-1D23424B94C5} = {1E2CF3EB-0B88-D945-B4F8-1D23424B94C5}
		{46F498EE-DB85-C243-4566-DEF71FF1E9F3} = {46F498EE-DB85-C243-4566-DEF71FF1E9F3}
		{ACC278EF-4E14-FD49-9481-77F8B35607F6} = {ACC278EF-4E14-FD49-9481-77F8B35607F6}
		{E0E67FF6-F355-D13D-13DA-1B7F43AB8215} = {E0E67FF6-F355-D13D-13DA-1B7F43AB8215}
	EndProjectSection
EndProject
Project("{2150E333-8FDC-42A3-9474-1A3956D46DE8}") = "wxWidgets", "wxWidgets", "{4EDA8D69-BDD5-471D-8187-7F760A60B156}"
EndProject
Project("{8BC9CEB8-8B4A-11D0-8D11-00A0C91BC942}") = "adv", "wxWidgets-2.9.1\build\msw\wx_adv.vcxproj", "{8D68F096-E6EA-B475-C6B1-A767897F9B2F}"
EndProject
Project("{8BC9CEB8-8B4A-11D0-8D11-00A0C91BC942}") = "aui", "wxWidgets-2.9.1\build\msw\wx_aui.vcxproj", "{46F498EE-DB85-C243-4566-DEF71FF1E9F3}"
EndProject
Project("{8BC9CEB8-8B4A-11D0-8D11-00A0C91BC942}") = "base", "wxWidgets-2.9.1\build\msw\wx_base.vcxproj", "{52474902-0DB2-7213-07CD-A68F22AF098F}"
EndProject
Project("{8BC9CEB8-8B4A-11D0-8D11-00A0C91BC942}") = "core", "wxWidgets-2.9.1\build\msw\wx_core.vcxproj", "{D9DD5501-212B-6A48-DC4C-09AA85A152A0}"
EndProject
Project("{8BC9CEB8-8B4A-11D0-8D11-00A0C91BC942}") = "gl", "wxWidgets-2.9.1\build\msw\wx_gl.vcxproj", "{9AA24233-99F0-A0BB-FF07-E2355120B529}"
EndProject
Project("{8BC9CEB8-8B4A-11D0-8D11-00A0C91BC942}") = "html", "wxWidgets-2.9.1\build\msw\wx_html.vcxproj", "{DDE48BB5-A8D1-1D96-7BCF-1CEF8CCE943D}"
EndProject
Project("{8BC9CEB8-8B4A-11D0-8D11-00A0C91BC942}") = "media", "wxWidgets-2.9.1\build\msw\wx_media.vcxproj", "{D9998C20-151E-A676-10D8-0EB4971C8ADE}"
EndProject
Project("{8BC9CEB8-8B4A-11D0-8D11-00A0C91BC942}") = "net", "wxWidgets-2.9.1\build\msw\wx_net.vcxproj", "{CC13587F-441C-F749-2DCE-A3E79C1D3A6D}"
EndProject
Project("{8BC9CEB8-8B4A-11D0-8D11-00A0C91BC942}") = "propgrid", "wxWidgets-2.9.1\build\msw\wx_propgrid.vcxproj", "{E0E67FF6-F355-D13D-13DA-1B7F43AB8215}"
EndProject
Project("{8BC9CEB8-8B4A-11D0-8D11-00A0C91BC942}") = "qa", "wxWidgets-2.9.1\build\msw\wx_qa.vcxproj", "{AC0E4B31-A7D1-149A-B1EC-D28261A27125}"
EndProject
Project("{8BC9CEB8-8B4A-11D0-8D11-00A0C91BC942}") = "ribbon", "wxWidgets-2.9.1\build\msw\wx_ribbon.vcxproj", "{B72252D2-FD28-AFB7-6229-140423774800}"
EndProject
Project("{8BC9CEB8-8B4A-11D0-8D11-00A0C91BC942}") = "richtext", "wxWidgets-2.9.1\build\msw\wx_richtext.vcxproj", "{B81D1552-8807-927D-D266-6F582023CA09}"
EndProject
Project("{8BC9CEB8-8B4A-11D0-8D11-00A0C91BC942}") = "stc", "wxWidgets-2.9.1\build\msw\wx_stc.vcxproj", "{CD366951-778B-5EF4-D731-B05C7401C207}"
EndProject
Project("{8BC9CEB8-8B4A-11D0-8D11-00A0C91BC942}") = "wxexpat", "wxWidgets-2.9.1\build\msw\wx_wxexpat.vcxproj", "{B348A657-35CF-CA8E-0851-8649FB7364EE}"
EndProject
Project("{8BC9CEB8-8B4A-11D0-8D11-00A0C91BC942}") = "wxjpeg", "wxWidgets-2.9.1\build\msw\wx_wxjpeg.vcxproj", "{F8100A6F-5B48-F968-1956-B22EBC65E745}"
EndProject
Project("{8BC9CEB8-8B4A-11D0-8D11-00A0C91BC942}") = "wxpng", "wxWidgets-2.9.1\build\msw\wx_wxpng.vcxproj", "{DFDDF339-5797-5C03-CBDE-02B3BC291044}"
EndProject
Project("{8BC9CEB8-8B4A-11D0-8D11-00A0C91BC942}") = "wxregex", "wxWidgets-2.9.1\build\msw\wx_wxregex.vcxproj", "{A9B498E9-8CF6-F3E3-8A69-54AA91B7B1C3}"
EndProject
Project("{8BC9CEB8-8B4A-11D0-8D11-00A0C91BC942}") = "wxscintilla", "wxWidgets-2.9.1\build\msw\wx_wxscintilla.vcxproj", "{59E02A16-4D4E-9970-5BAE-0FA4773442F0}"
EndProject
Project("{8BC9CEB8-8B4A-11D0-8D11-00A0C91BC942}") = "wxtiff", "wxWidgets-2.9.1\build\msw\wx_wxtiff.vcxproj", "{F1B693AB-2A26-A834-EFBA-52B905FA09F4}"
EndProject
Project("{8BC9CEB8-8B4A-11D0-8D11-00A0C91BC942}") = "wxzlib", "wxWidgets-2.9.1\build\msw\wx_wxzlib.vcxproj", "{25CB7C37-2EEF-4357-E5C6-6CE8BE819B01}"
EndProject
Project("{8BC9CEB8-8B4A-11D0-8D11-00A0C91BC942}") = "xml", "wxWidgets-2.9.1\build\msw\wx_xml.vcxproj", "{41FFA867-AE6D-03DE-8060-D850B9D58789}"
EndProject
Project("{8BC9CEB8-8B4A-11D0-8D11-00A0C91BC942}") = "xrc", "wxWidgets-2.9.1\build\msw\wx_xrc.vcxproj", "{A7009E99-30E9-9404-55DD-85BE0353F330}"
EndProject
Project("{8BC9CEB8-8B4A-11D0-8D11-00A0C91BC942}") = "boost", "boost\boost.vcxproj", "{D1B8287E-227C-4879-AC82-AEE9A6FEEE6C}"
EndProject
Project("{8BC9CEB8-8B4A-11D0-8D11-00A0C91BC942}") = "mainrunning", "mainrunning\mainrunning.vcxproj", "{6B3BE5BA-778C-4560-A831-57D8DA16791A}"
	ProjectSection(ProjectDependencies) = postProject
		{D1B8287E-227C-4879-AC82-AEE9A6FEEE6C} = {D1B8287E-227C-4879-AC82-AEE9A6FEEE6C}
	EndProjectSection
EndProject
Project("{2150E333-8FDC-42A3-9474-1A3956D46DE8}") = "cegui", "cegui", "{B68C5694-8181-4071-8844-C9C9B364F684}"
EndProject
Project("{8BC9CEB8-8B4A-11D0-8D11-00A0C91BC942}") = "CEGUIBase", "CEGUI-0.7.5\projects\premake\BaseSystem\CEGUIBase.vcxproj", "{1E2CF3EB-0B88-D945-B4F8-1D23424B94C5}"
EndProject
Project("{8BC9CEB8-8B4A-11D0-8D11-00A0C91BC942}") = "CEGUICoronaImageCodec", "CEGUI-0.7.5\projects\premake\ImageCodecModules\CoronaImageCodec\CEGUICoronaImageCodec.vcxproj", "{09591CBB-126A-014E-93FF-A92C9425E31B}"
EndProject
Project("{8BC9CEB8-8B4A-11D0-8D11-00A0C91BC942}") = "CEGUIDevILImageCodec", "CEGUI-0.7.5\projects\premake\ImageCodecModules\DevILImageCodec\CEGUIDevILImageCodec.vcxproj", "{9D834428-C038-7C4F-9C27-8F7D7855EA4F}"
EndProject
Project("{8BC9CEB8-8B4A-11D0-8D11-00A0C91BC942}") = "CEGUIFreeImageImageCodec", "CEGUI-0.7.5\projects\premake\ImageCodecModules\FreeImageImageCodec\CEGUIFreeImageImageCodec.vcxproj", "{98B6333F-C292-9142-B700-209CA30DB262}"
EndProject
Project("{8BC9CEB8-8B4A-11D0-8D11-00A0C91BC942}") = "CEGUISILLYImageCodec", "CEGUI-0.7.5\projects\premake\ImageCodecModules\SILLYImageCodec\CEGUISILLYImageCodec.vcxproj", "{26C74FDA-E5E4-0A4C-8E4A-E6A7245528A3}"
EndProject
Project("{8BC9CEB8-8B4A-11D0-8D11-00A0C91BC942}") = "CEGUISTBImageCodec", "CEGUI-0.7.5\projects\premake\ImageCodecModules\STBImageCodec\CEGUISTBImageCodec.vcxproj", "{37143237-AD05-A644-AFE4-BDD5BDA2C05A}"
EndProject
Project("{8BC9CEB8-8B4A-11D0-8D11-00A0C91BC942}") = "CEGUITGAImageCodec", "CEGUI-0.7.5\projects\premake\ImageCodecModules\TGAImageCodec\CEGUITGAImageCodec.vcxproj", "{F38A6731-2693-2A4A-B0EE-CD487AAE60E8}"
EndProject
Project("{8BC9CEB8-8B4A-11D0-8D11-00A0C91BC942}") = "CEGUIDirect3D9Renderer", "CEGUI-0.7.5\projects\premake\RendererModules\Direct3D9\CEGUIDirect3D9Renderer.vcxproj", "{ACC278EF-4E14-FD49-9481-77F8B35607F6}"
EndProject
Project("{8BC9CEB8-8B4A-11D0-8D11-00A0C91BC942}") = "CEGUIOpenGLRenderer", "CEGUI-0.7.5\projects\premake\RendererModules\OpenGL\CEGUIOpenGLRenderer.vcxproj", "{016539C5-D654-7B47-9549-8110A3ECBAC7}"
EndProject
Project("{8BC9CEB8-8B4A-11D0-8D11-00A0C91BC942}") = "CEGUILuaScriptModule", "CEGUI-0.7.5\projects\premake\ScriptingModules\LuaScriptModule\CEGUILuaScriptModule.vcxproj", "{C78CB88C-602D-B242-9EA9-67BCD8B1FBC2}"
EndProject
Project("{8BC9CEB8-8B4A-11D0-8D11-00A0C91BC942}") = "tolua++", "CEGUI-0.7.5\projects\premake\ScriptingModules\LuaScriptModule\support\tolua++\tolua++.vcxproj", "{26D9B4A6-DEC8-D648-B905-9F91018252E4}"
EndProject
Project("{8BC9CEB8-8B4A-11D0-8D11-00A0C91BC942}") = "tolua++cegui", "CEGUI-0.7.5\projects\premake\ScriptingModules\LuaScriptModule\support\tolua++bin\tolua++cegui.vcxproj", "{DD7F8F29-6331-0D46-8501-A3BA1A9D3B52}"
EndProject
Project("{8BC9CEB8-8B4A-11D0-8D11-00A0C91BC942}") = "CEGUIFalagardWRBase", "CEGUI-0.7.5\projects\premake\WindowRendererSets\Falagard\CEGUIFalagardWRBase.vcxproj", "{D6BA1C5E-8BA0-C244-B079-3ACB69F1708A}"
EndProject
Project("{8BC9CEB8-8B4A-11D0-8D11-00A0C91BC942}") = "CEGUIExpatParser", "CEGUI-0.7.5\projects\premake\XMLParserModules\expatParser\CEGUIExpatParser.vcxproj", "{60056945-C391-A04C-86A0-8A704CE2548B}"
EndProject
Global
	GlobalSection(SolutionConfigurationPlatforms) = preSolution
		Debug|Win32 = Debug|Win32
		Release|Win32 = Release|Win32
	EndGlobalSection
	GlobalSection(ProjectConfigurationPlatforms) = postSolution
		{D032A7B3-2065-48C8-9A89-D6A8AD81B51D}.Debug|Win32.ActiveCfg = Debug|Win32
		{D032A7B3-2065-48C8-9A89-D6A8AD81B51D}.Debug|Win32.Build.0 = Debug|Win32
		{D032A7B3-2065-48C8-9A89-D6A8AD81B51D}.Release|Win32.ActiveCfg = Release|Win32
		{D032A7B3-2065-48C8-9A89-D6A8AD81B51D}.Release|Win32.Build.0 = Release|Win32
		{8D68F096-E6EA-B475-C6B1-A767897F9B2F}.Debug|Win32.ActiveCfg = DLL Debug|Win32
		{8D68F096-E6EA-B475-C6B1-A767897F9B2F}.Debug|Win32.Build.0 = DLL Debug|Win32
		{8D68F096-E6EA-B475-C6B1-A767897F9B2F}.Release|Win32.ActiveCfg = DLL Release|Win32
		{8D68F096-E6EA-B475-C6B1-A767897F9B2F}.Release|Win32.Build.0 = DLL Release|Win32
		{46F498EE-DB85-C243-4566-DEF71FF1E9F3}.Debug|Win32.ActiveCfg = DLL Debug|Win32
		{46F498EE-DB85-C243-4566-DEF71FF1E9F3}.Debug|Win32.Build.0 = DLL Debug|Win32
		{46F498EE-DB85-C243-4566-DEF71FF1E9F3}.Release|Win32.ActiveCfg = DLL Release|Win32
		{46F498EE-DB85-C243-4566-DEF71FF1E9F3}.Release|Win32.Build.0 = DLL Release|Win32
		{52474902-0DB2-7213-07CD-A68F22AF098F}.Debug|Win32.ActiveCfg = DLL Debug|Win32
		{52474902-0DB2-7213-07CD-A68F22AF098F}.Debug|Win32.Build.0 = DLL Debug|Win32
		{52474902-0DB2-7213-07CD-A68F22AF098F}.Release|Win32.ActiveCfg = DLL Release|Win32
		{52474902-0DB2-7213-07CD-A68F22AF098F}.Release|Win32.Build.0 = DLL Release|Win32
		{D9DD5501-212B-6A48-DC4C-09AA85A152A0}.Debug|Win32.ActiveCfg = DLL Debug|Win32
		{D9DD5501-212B-6A48-DC4C-09AA85A152A0}.Debug|Win32.Build.0 = DLL Debug|Win32
		{D9DD5501-212B-6A48-DC4C-09AA85A152A0}.Release|Win32.ActiveCfg = DLL Release|Win32
		{D9DD5501-212B-6A48-DC4C-09AA85A152A0}.Release|Win32.Build.0 = DLL Release|Win32
		{9AA24233-99F0-A0BB-FF07-E2355120B529}.Debug|Win32.ActiveCfg = DLL Debug|Win32
		{9AA24233-99F0-A0BB-FF07-E2355120B529}.Debug|Win32.Build.0 = DLL Debug|Win32
		{9AA24233-99F0-A0BB-FF07-E2355120B529}.Release|Win32.ActiveCfg = DLL Release|Win32
		{9AA24233-99F0-A0BB-FF07-E2355120B529}.Release|Win32.Build.0 = DLL Release|Win32
		{DDE48BB5-A8D1-1D96-7BCF-1CEF8CCE943D}.Debug|Win32.ActiveCfg = DLL Debug|Win32
		{DDE48BB5-A8D1-1D96-7BCF-1CEF8CCE943D}.Debug|Win32.Build.0 = DLL Debug|Win32
		{DDE48BB5-A8D1-1D96-7BCF-1CEF8CCE943D}.Release|Win32.ActiveCfg = DLL Release|Win32
		{DDE48BB5-A8D1-1D96-7BCF-1CEF8CCE943D}.Release|Win32.Build.0 = DLL Release|Win32
		{D9998C20-151E-A676-10D8-0EB4971C8ADE}.Debug|Win32.ActiveCfg = DLL Debug|Win32
		{D9998C20-151E-A676-10D8-0EB4971C8ADE}.Debug|Win32.Build.0 = DLL Debug|Win32
		{D9998C20-151E-A676-10D8-0EB4971C8ADE}.Release|Win32.ActiveCfg = DLL Release|Win32
		{D9998C20-151E-A676-10D8-0EB4971C8ADE}.Release|Win32.Build.0 = DLL Release|Win32
		{CC13587F-441C-F749-2DCE-A3E79C1D3A6D}.Debug|Win32.ActiveCfg = DLL Debug|Win32
		{CC13587F-441C-F749-2DCE-A3E79C1D3A6D}.Debug|Win32.Build.0 = DLL Debug|Win32
		{CC13587F-441C-F749-2DCE-A3E79C1D3A6D}.Release|Win32.ActiveCfg = DLL Release|Win32
		{CC13587F-441C-F749-2DCE-A3E79C1D3A6D}.Release|Win32.Build.0 = DLL Release|Win32
		{E0E67FF6-F355-D13D-13DA-1B7F43AB8215}.Debug|Win32.ActiveCfg = DLL Debug|Win32
		{E0E67FF6-F355-D13D-13DA-1B7F43AB8215}.Debug|Win32.Build.0 = DLL Debug|Win32
		{E0E67FF6-F355-D13D-13DA-1B7F43AB8215}.Release|Win32.ActiveCfg = DLL Release|Win32
		{E0E67FF6-F355-D13D-13DA-1B7F43AB8215}.Release|Win32.Build.0 = DLL Release|Win32
		{AC0E4B31-A7D1-149A-B1EC-D28261A27125}.Debug|Win32.ActiveCfg = DLL Debug|Win32
		{AC0E4B31-A7D1-149A-B1EC-D28261A27125}.Debug|Win32.Build.0 = DLL Debug|Win32
		{AC0E4B31-A7D1-149A-B1EC-D28261A27125}.Release|Win32.ActiveCfg = DLL Release|Win32
		{AC0E4B31-A7D1-149A-B1EC-D28261A27125}.Release|Win32.Build.0 = DLL Release|Win32
		{B72252D2-FD28-AFB7-6229-140423774800}.Debug|Win32.ActiveCfg = DLL Debug|Win32
		{B72252D2-FD28-AFB7-6229-140423774800}.Debug|Win32.Build.0 = DLL Debug|Win32
		{B72252D2-FD28-AFB7-6229-140423774800}.Release|Win32.ActiveCfg = DLL Release|Win32
		{B72252D2-FD28-AFB7-6229-140423774800}.Release|Win32.Build.0 = DLL Release|Win32
		{B81D1552-8807-927D-D266-6F582023CA09}.Debug|Win32.ActiveCfg = DLL Debug|Win32
		{B81D1552-8807-927D-D266-6F582023CA09}.Debug|Win32.Build.0 = DLL Debug|Win32
		{B81D1552-8807-927D-D266-6F582023CA09}.Release|Win32.ActiveCfg = DLL Release|Win32
		{B81D1552-8807-927D-D266-6F582023CA09}.Release|Win32.Build.0 = DLL Release|Win32
		{CD366951-778B-5EF4-D731-B05C7401C207}.Debug|Win32.ActiveCfg = DLL Debug|Win32
		{CD366951-778B-5EF4-D731-B05C7401C207}.Debug|Win32.Build.0 = DLL Debug|Win32
		{CD366951-778B-5EF4-D731-B05C7401C207}.Release|Win32.ActiveCfg = DLL Release|Win32
		{CD366951-778B-5EF4-D731-B05C7401C207}.Release|Win32.Build.0 = DLL Release|Win32
		{B348A657-35CF-CA8E-0851-8649FB7364EE}.Debug|Win32.ActiveCfg = DLL Debug|Win32
		{B348A657-35CF-CA8E-0851-8649FB7364EE}.Debug|Win32.Build.0 = DLL Debug|Win32
		{B348A657-35CF-CA8E-0851-8649FB7364EE}.Release|Win32.ActiveCfg = DLL Release|Win32
		{B348A657-35CF-CA8E-0851-8649FB7364EE}.Release|Win32.Build.0 = DLL Release|Win32
		{F8100A6F-5B48-F968-1956-B22EBC65E745}.Debug|Win32.ActiveCfg = DLL Debug|Win32
		{F8100A6F-5B48-F968-1956-B22EBC65E745}.Debug|Win32.Build.0 = DLL Debug|Win32
		{F8100A6F-5B48-F968-1956-B22EBC65E745}.Release|Win32.ActiveCfg = DLL Release|Win32
		{F8100A6F-5B48-F968-1956-B22EBC65E745}.Release|Win32.Build.0 = DLL Release|Win32
		{DFDDF339-5797-5C03-CBDE-02B3BC291044}.Debug|Win32.ActiveCfg = DLL Debug|Win32
		{DFDDF339-5797-5C03-CBDE-02B3BC291044}.Debug|Win32.Build.0 = DLL Debug|Win32
		{DFDDF339-5797-5C03-CBDE-02B3BC291044}.Release|Win32.ActiveCfg = DLL Release|Win32
		{DFDDF339-5797-5C03-CBDE-02B3BC291044}.Release|Win32.Build.0 = DLL Release|Win32
		{A9B498E9-8CF6-F3E3-8A69-54AA91B7B1C3}.Debug|Win32.ActiveCfg = DLL Debug|Win32
		{A9B498E9-8CF6-F3E3-8A69-54AA91B7B1C3}.Debug|Win32.Build.0 = DLL Debug|Win32
		{A9B498E9-8CF6-F3E3-8A69-54AA91B7B1C3}.Release|Win32.ActiveCfg = DLL Release|Win32
		{A9B498E9-8CF6-F3E3-8A69-54AA91B7B1C3}.Release|Win32.Build.0 = DLL Release|Win32
		{59E02A16-4D4E-9970-5BAE-0FA4773442F0}.Debug|Win32.ActiveCfg = DLL Debug|Win32
		{59E02A16-4D4E-9970-5BAE-0FA4773442F0}.Debug|Win32.Build.0 = DLL Debug|Win32
		{59E02A16-4D4E-9970-5BAE-0FA4773442F0}.Release|Win32.ActiveCfg = DLL Release|Win32
		{59E02A16-4D4E-9970-5BAE-0FA4773442F0}.Release|Win32.Build.0 = DLL Release|Win32
		{F1B693AB-2A26-A834-EFBA-52B905FA09F4}.Debug|Win32.ActiveCfg = DLL Debug|Win32
		{F1B693AB-2A26-A834-EFBA-52B905FA09F4}.Debug|Win32.Build.0 = DLL Debug|Win32
		{F1B693AB-2A26-A834-EFBA-52B905FA09F4}.Release|Win32.ActiveCfg = DLL Release|Win32
		{F1B693AB-2A26-A834-EFBA-52B905FA09F4}.Release|Win32.Build.0 = DLL Release|Win32
		{25CB7C37-2EEF-4357-E5C6-6CE8BE819B01}.Debug|Win32.ActiveCfg = DLL Debug|Win32
		{25CB7C37-2EEF-4357-E5C6-6CE8BE819B01}.Debug|Win32.Build.0 = DLL Debug|Win32
		{25CB7C37-2EEF-4357-E5C6-6CE8BE819B01}.Release|Win32.ActiveCfg = DLL Release|Win32
		{25CB7C37-2EEF-4357-E5C6-6CE8BE819B01}.Release|Win32.Build.0 = DLL Release|Win32
		{41FFA867-AE6D-03DE-8060-D850B9D58789}.Debug|Win32.ActiveCfg = DLL Debug|Win32
		{41FFA867-AE6D-03DE-8060-D850B9D58789}.Debug|Win32.Build.0 = DLL Debug|Win32
		{41FFA867-AE6D-03DE-8060-D850B9D58789}.Release|Win32.ActiveCfg = DLL Release|Win32
		{41FFA867-AE6D-03DE-8060-D850B9D58789}.Release|Win32.Build.0 = DLL Release|Win32
		{A7009E99-30E9-9404-55DD-85BE0353F330}.Debug|Win32.ActiveCfg = DLL Debug|Win32
		{A7009E99-30E9-9404-55DD-85BE0353F330}.Debug|Win32.Build.0 = DLL Debug|Win32
		{A7009E99-30E9-9404-55DD-85BE0353F330}.Release|Win32.ActiveCfg = DLL Release|Win32
		{A7009E99-30E9-9404-55DD-85BE0353F330}.Release|Win32.Build.0 = DLL Release|Win32
		{D1B8287E-227C-4879-AC82-AEE9A6FEEE6C}.Debug|Win32.ActiveCfg = Debug|Win32
		{D1B8287E-227C-4879-AC82-AEE9A6FEEE6C}.Debug|Win32.Build.0 = Debug|Win32
		{D1B8287E-227C-4879-AC82-AEE9A6FEEE6C}.Release|Win32.ActiveCfg = Release|Win32
		{D1B8287E-227C-4879-AC82-AEE9A6FEEE6C}.Release|Win32.Build.0 = Release|Win32
		{6B3BE5BA-778C-4560-A831-57D8DA16791A}.Debug|Win32.ActiveCfg = Debug|Win32
		{6B3BE5BA-778C-4560-A831-57D8DA16791A}.Debug|Win32.Build.0 = Debug|Win32
		{6B3BE5BA-778C-4560-A831-57D8DA16791A}.Release|Win32.ActiveCfg = Release|Win32
		{6B3BE5BA-778C-4560-A831-57D8DA16791A}.Release|Win32.Build.0 = Release|Win32
		{1E2CF3EB-0B88-D945-B4F8-1D23424B94C5}.Debug|Win32.ActiveCfg = Debug|Win32
		{1E2CF3EB-0B88-D945-B4F8-1D23424B94C5}.Debug|Win32.Build.0 = Debug|Win32
		{1E2CF3EB-0B88-D945-B4F8-1D23424B94C5}.Release|Win32.ActiveCfg = Release|Win32
		{1E2CF3EB-0B88-D945-B4F8-1D23424B94C5}.Release|Win32.Build.0 = Release|Win32
		{09591CBB-126A-014E-93FF-A92C9425E31B}.Debug|Win32.ActiveCfg = Debug|Win32
		{09591CBB-126A-014E-93FF-A92C9425E31B}.Debug|Win32.Build.0 = Debug|Win32
		{09591CBB-126A-014E-93FF-A92C9425E31B}.Release|Win32.ActiveCfg = Release|Win32
		{09591CBB-126A-014E-93FF-A92C9425E31B}.Release|Win32.Build.0 = Release|Win32
		{9D834428-C038-7C4F-9C27-8F7D7855EA4F}.Debug|Win32.ActiveCfg = Debug|Win32
		{9D834428-C038-7C4F-9C27-8F7D7855EA4F}.Debug|Win32.Build.0 = Debug|Win32
		{9D834428-C038-7C4F-9C27-8F7D7855EA4F}.Release|Win32.ActiveCfg = Release|Win32
		{9D834428-C038-7C4F-9C27-8F7D7855EA4F}.Release|Win32.Build.0 = Release|Win32
		{98B6333F-C292-9142-B700-209CA30DB262}.Debug|Win32.ActiveCfg = Debug|Win32
		{98B6333F-C292-9142-B700-209CA30DB262}.Debug|Win32.Build.0 = Debug|Win32
		{98B6333F-C292-9142-B700-209CA30DB262}.Release|Win32.ActiveCfg = Release|Win32
		{98B6333F-C292-9142-B700-209CA30DB262}.Release|Win32.Build.0 = Release|Win32
		{26C74FDA-E5E4-0A4C-8E4A-E6A7245528A3}.Debug|Win32.ActiveCfg = Debug|Win32
		{26C74FDA-E5E4-0A4C-8E4A-E6A7245528A3}.Debug|Win32.Build.0 = Debug|Win32
		{26C74FDA-E5E4-0A4C-8E4A-E6A7245528A3}.Release|Win32.ActiveCfg = Release|Win32
		{26C74FDA-E5E4-0A4C-8E4A-E6A7245528A3}.Release|Win32.Build.0 = Release|Win32
		{37143237-AD05-A644-AFE4-BDD5BDA2C05A}.Debug|Win32.ActiveCfg = Debug|Win32
		{37143237-AD05-A644-AFE4-BDD5BDA2C05A}.Debug|Win32.Build.0 = Debug|Win32
		{37143237-AD05-A644-AFE4-BDD5BDA2C05A}.Release|Win32.ActiveCfg = Release|Win32
		{37143237-AD05-A644-AFE4-BDD5BDA2C05A}.Release|Win32.Build.0 = Release|Win32
		{F38A6731-2693-2A4A-B0EE-CD487AAE60E8}.Debug|Win32.ActiveCfg = Debug|Win32
		{F38A6731-2693-2A4A-B0EE-CD487AAE60E8}.Debug|Win32.Build.0 = Debug|Win32
		{F38A6731-2693-2A4A-B0EE-CD487AAE60E8}.Release|Win32.ActiveCfg = Release|Win32
		{F38A6731-2693-2A4A-B0EE-CD487AAE60E8}.Release|Win32.Build.0 = Release|Win32
		{ACC278EF-4E14-FD49-9481-77F8B35607F6}.Debug|Win32.ActiveCfg = Debug|Win32
		{ACC278EF-4E14-FD49-9481-77F8B35607F6}.Debug|Win32.Build.0 = Debug|Win32
		{ACC278EF-4E14-FD49-9481-77F8B35607F6}.Release|Win32.ActiveCfg = Release|Win32
		{ACC278EF-4E14-FD49-9481-77F8B35607F6}.Release|Win32.Build.0 = Release|Win32
		{016539C5-D654-7B47-9549-8110A3ECBAC7}.Debug|Win32.ActiveCfg = Debug|Win32
		{016539C5-D654-7B47-9549-8110A3ECBAC7}.Debug|Win32.Build.0 = Debug|Win32
		{016539C5-D654-7B47-9549-8110A3ECBAC7}.Release|Win32.ActiveCfg = Release|Win32
		{016539C5-D654-7B47-9549-8110A3ECBAC7}.Release|Win32.Build.0 = Release|Win32
		{C78CB88C-602D-B242-9EA9-67BCD8B1FBC2}.Debug|Win32.ActiveCfg = Debug|Win32
		{C78CB88C-602D-B242-9EA9-67BCD8B1FBC2}.Debug|Win32.Build.0 = Debug|Win32
		{C78CB88C-602D-B242-9EA9-67BCD8B1FBC2}.Release|Win32.ActiveCfg = Release|Win32
		{C78CB88C-602D-B242-9EA9-67BCD8B1FBC2}.Release|Win32.Build.0 = Release|Win32
		{26D9B4A6-DEC8-D648-B905-9F91018252E4}.Debug|Win32.ActiveCfg = Debug|Win32
		{26D9B4A6-DEC8-D648-B905-9F91018252E4}.Debug|Win32.Build.0 = Debug|Win32
		{26D9B4A6-DEC8-D648-B905-9F91018252E4}.Release|Win32.ActiveCfg = Release|Win32
		{26D9B4A6-DEC8-D648-B905-9F91018252E4}.Release|Win32.Build.0 = Release|Win32
		{DD7F8F29-6331-0D46-8501-A3BA1A9D3B52}.Debug|Win32.ActiveCfg = Debug|Win32
		{DD7F8F29-6331-0D46-8501-A3BA1A9D3B52}.Debug|Win32.Build.0 = Debug|Win32
		{DD7F8F29-6331-0D46-8501-A3BA1A9D3B52}.Release|Win32.ActiveCfg = Release|Win32
		{DD7F8F29-6331-0D46-8501-A3BA1A9D3B52}.Release|Win32.Build.0 = Release|Win32
		{D6BA1C5E-8BA0-C244-B079-3ACB69F1708A}.Debug|Win32.ActiveCfg = Debug|Win32
		{D6BA1C5E-8BA0-C244-B079-3ACB69F1708A}.Debug|Win32.Build.0 = Debug|Win32
		{D6BA1C5E-8BA0-C244-B079-3ACB69F1708A}.Release|Win32.ActiveCfg = Release|Win32
		{D6BA1C5E-8BA0-C244-B079-3ACB69F1708A}.Release|Win32.Build.0 = Release|Win32
		{60056945-C391-A04C-86A0-8A704CE2548B}.Debug|Win32.ActiveCfg = Debug|Win32
		{60056945-C391-A04C-86A0-8A704CE2548B}.Debug|Win32.Build.0 = Debug|Win32
		{60056945-C391-A04C-86A0-8A704CE2548B}.Release|Win32.ActiveCfg = Release|Win32
		{60056945-C391-A04C-86A0-8A704CE2548B}.Release|Win32.Build.0 = Release|Win32
	EndGlobalSection
	GlobalSection(SolutionProperties) = preSolution
		HideSolutionNode = FALSE
	EndGlobalSection
	GlobalSection(NestedProjects) = preSolution
		{8D68F096-E6EA-B475-C6B1-A767897F9B2F} = {4EDA8D69-BDD5-471D-8187-7F760A60B156}
		{46F498EE-DB85-C243-4566-DEF71FF1E9F3} = {4EDA8D69-BDD5-471D-8187-7F760A60B156}
		{52474902-0DB2-7213-07CD-A68F22AF098F} = {4EDA8D69-BDD5-471D-8187-7F760A60B156}
		{D9DD5501-212B-6A48-DC4C-09AA85A152A0} = {4EDA8D69-BDD5-471D-8187-7F760A60B156}
		{9AA24233-99F0-A0BB-FF07-E2355120B529} = {4EDA8D69-BDD5-471D-8187-7F760A60B156}
		{DDE48BB5-A8D1-1D96-7BCF-1CEF8CCE943D} = {4EDA8D69-BDD5-471D-8187-7F760A60B156}
		{D9998C20-151E-A676-10D8-0EB4971C8ADE} = {4EDA8D69-BDD5-471D-8187-7F760A60B156}
		{CC13587F-441C-F749-2DCE-A3E79C1D3A6D} = {4EDA8D69-BDD5-471D-8187-7F760A60B156}
		{E0E67FF6-F355-D13D-13DA-1B7F43AB8215} = {4EDA8D69-BDD5-471D-8187-7F760A60B156}
		{AC0E4B31-A7D1-149A-B1EC-D28261A27125} = {4EDA8D69-BDD5-471D-8187-7F760A60B156}
		{B72252D2-FD28-AFB7-6229-140423774800} = {4EDA8D69-BDD5-471D-8187-7F760A60B156}
		{B81D1552-8807-927D-D266-6F582023CA09} = {4EDA8D69-BDD5-471D-8187-7F760A60B156}
		{CD366951-778B-5EF4-D731-B05C7401C207} = {4EDA8D69-BDD5-471D-8187-7F760A60B156}
		{B348A657-35CF-CA8E-0851-8649FB7364EE} = {4EDA8D69-BDD5-471D-8187-7F760A60B156}
		{F8100A6F-5B48-F968-1956-B22EBC65E745} = {4EDA8D69-BDD5-471D-8187-7F760A60B156}
		{DFDDF339-5797-5C03-CBDE-02B3BC291044} = {4EDA8D69-BDD5-471D-8187-7F760A60B156}
		{A9B498E9-8CF6-F3E3-8A69-54AA91B7B1C3} = {4EDA8D69-BDD5-471D-8187-7F760A60B156}
		{59E02A16-4D4E-9970-5BAE-0FA4773442F0} = {4EDA8D69-BDD5-471D-8187-7F760A60B156}
		{F1B693AB-2A26-A834-EFBA-52B905FA09F4} = {4EDA8D69-BDD5-471D-8187-7F760A60B156}
		{25CB7C37-2EEF-4357-E5C6-6CE8BE819B01} = {4EDA8D69-BDD5-471D-8187-7F760A60B156}
		{41FFA867-AE6D-03DE-8060-D850B9D58789} = {4EDA8D69-BDD5-471D-8187-7F760A60B156}
		{A7009E99-30E9-9404-55DD-85BE0353F330} = {4EDA8D69-BDD5-471D-8187-7F760A60B156}
		{1E2CF3EB-0B88-D945-B4F8-1D23424B94C5} = {B68C5694-8181-4071-8844-C9C9B364F684}
		{09591CBB-126A-014E-93FF-A92C9425E31B} = {B68C5694-8181-4071-8844-C9C9B364F684}
		{9D834428-C038-7C4F-9C27-8F7D7855EA4F} = {B68C5694-8181-4071-8844-C9C9B364F684}
		{98B6333F-C292-9142-B700-209CA30DB262} = {B68C5694-8181-4071-8844-C9C9B364F684}
		{26C74FDA-E5E4-0A4C-8E4A-E6A7245528A3} = {B68C5694-8181-4071-8844-C9C9B364F684}
		{37143237-AD05-A644-AFE4-BDD5BDA2C05A} = {B68C5694-8181-4071-8844-C9C9B364F684}
		{F38A6731-2693-2A4A-B0EE-CD487AAE60E8} = {B68C5694-8181-4071-8844-C9C9B364F684}
		{ACC278EF-4E14-FD49-9481-77F8B35607F6} = {B68C5694-8181-4071-8844-C9C9B364F684}
		{016539C5-D654-7B47-9549-8110A3ECBAC7} = {B68C5694-8181-4071-8844-C9C9B364F684}
		{C78CB88C-602D-B242-9EA9-67BCD8B1FBC2} = {B68C5694-8181-4071-8844-C9C9B364F684}
		{26D9B4A6-DEC8-D648-B905-9F91018252E4} = {B68C5694-8181-4071-8844-C9C9B364F684}
		{DD7F8F29-6331-0D46-8501-A3BA1A9D3B52} = {B68C5694-8181-4071-8844-C9C9B364F684}
		{D6BA1C5E-8BA0-C244-B079-3ACB69F1708A} = {B68C5694-8181-4071-8844-C9C9B364F684}
		{60056945-C391-A04C-86A0-8A704CE2548B} = {B68C5694-8181-4071-8844-C9C9B364F684}
	EndGlobalSection
EndGlobal
